// !$*UTF8*$!
{
	archiveVersion = 1;
	classes = {
	};
	objectVersion = 48;
	objects = {

/* Begin PBXBuildFile section */
		20CB61CD202BB7DC0024951C /* AppDelegate.swift in Sources */ = {isa = PBXBuildFile; fileRef = 20CB61CC202BB7DC0024951C /* AppDelegate.swift */; };
		20CB61CF202BB7DD0024951C /* art.scnassets in Resources */ = {isa = PBXBuildFile; fileRef = 20CB61CE202BB7DD0024951C /* art.scnassets */; };
		20CB61D1202BB7DD0024951C /* ViewController.swift in Sources */ = {isa = PBXBuildFile; fileRef = 20CB61D0202BB7DD0024951C /* ViewController.swift */; };
		20CB61D4202BB7DD0024951C /* Main.storyboard in Resources */ = {isa = PBXBuildFile; fileRef = 20CB61D2202BB7DD0024951C /* Main.storyboard */; };
		20CB61D6202BB7DD0024951C /* Assets.xcassets in Resources */ = {isa = PBXBuildFile; fileRef = 20CB61D5202BB7DD0024951C /* Assets.xcassets */; };
		20CB61D9202BB7DD0024951C /* LaunchScreen.storyboard in Resources */ = {isa = PBXBuildFile; fileRef = 20CB61D7202BB7DD0024951C /* LaunchScreen.storyboard */; };
/* End PBXBuildFile section */

/* Begin PBXFileReference section */
		20CB61C9202BB7DC0024951C /* AgumentedDemo.app */ = {isa = PBXFileReference; explicitFileType = wrapper.application; includeInIndex = 0; path = AgumentedDemo.app; sourceTree = BUILT_PRODUCTS_DIR; };
		20CB61CC202BB7DC0024951C /* AppDelegate.swift */ = {isa = PBXFileReference; lastKnownFileType = sourcecode.swift; path = AppDelegate.swift; sourceTree = "<group>"; };
		20CB61CE202BB7DD0024951C /* art.scnassets */ = {isa = PBXFileReference; lastKnownFileType = wrapper.scnassets; path = art.scnassets; sourceTree = "<group>"; };
		20CB61D0202BB7DD0024951C /* ViewController.swift */ = {isa = PBXFileReference; lastKnownFileType = sourcecode.swift; path = ViewController.swift; sourceTree = "<group>"; };
		20CB61D3202BB7DD0024951C /* Base */ = {isa = PBXFileReference; lastKnownFileType = file.storyboard; name = Base; path = Base.lproj/Main.storyboard; sourceTree = "<group>"; };
		20CB61D5202BB7DD0024951C /* Assets.xcassets */ = {isa = PBXFileReference; lastKnownFileType = folder.assetcatalog; path = Assets.xcassets; sourceTree = "<group>"; };
		20CB61D8202BB7DD0024951C /* Base */ = {isa = PBXFileReference; lastKnownFileType = file.storyboard; name = Base; path = Base.lproj/LaunchScreen.storyboard; sourceTree = "<group>"; };
		20CB61DA202BB7DD0024951C /* Info.plist */ = {isa = PBXFileReference; lastKnownFileType = text.plist.xml; path = Info.plist; sourceTree = "<group>"; };
/* End PBXFileReference section */

/* Begin PBXFrameworksBuildPhase section */
		20CB61C6202BB7DC0024951C /* Frameworks */ = {
			isa = PBXFrameworksBuildPhase;
			buildActionMask = 2147483647;
			files = (
			);
			runOnlyForDeploymentPostprocessing = 0;
		};
/* End PBXFrameworksBuildPhase section */

/* Begin PBXGroup section */
		20CB61C0202BB7DC0024951C = {
			isa = PBXGroup;
			children = (
				20CB61CB202BB7DC0024951C /* AgumentedDemo */,
				20CB61CA202BB7DC0024951C /* Products */,
			);
			sourceTree = "<group>";
		};
		20CB61CA202BB7DC0024951C /* Products */ = {
			isa = PBXGroup;
			children = (
				20CB61C9202BB7DC0024951C /* AgumentedDemo.app */,
			);
			name = Products;
			sourceTree = "<group>";
		};
		20CB61CB202BB7DC0024951C /* AgumentedDemo */ = {
			isa = PBXGroup;
			children = (
				20CB61CC202BB7DC0024951C /* AppDelegate.swift */,
				20CB61CE202BB7DD0024951C /* art.scnassets */,
				20CB61D0202BB7DD0024951C /* ViewController.swift */,
				20CB61D2202BB7DD0024951C /* Main.storyboard */,
				20CB61D5202BB7DD0024951C /* Assets.xcassets */,
				20CB61D7202BB7DD0024951C /* LaunchScreen.storyboard */,
				20CB61DA202BB7DD0024951C /* Info.plist */,
			);
			path = AgumentedDemo;
			sourceTree = "<group>";
		};
/* End PBXGroup section */

/* Begin PBXNativeTarget section */
		20CB61C8202BB7DC0024951C /* AgumentedDemo */ = {
			isa = PBXNativeTarget;
			buildConfigurationList = 20CB61DD202BB7DD0024951C /* Build configuration list for PBXNativeTarget "AgumentedDemo" */;
			buildPhases = (
				20CB61C5202BB7DC0024951C /* Sources */,
				20CB61C6202BB7DC0024951C /* Frameworks */,
				20CB61C7202BB7DC0024951C /* Resources */,
			);
			buildRules = (
			);
			dependencies = (
			);
			name = AgumentedDemo;
			productName = AgumentedDemo;
			productReference = 20CB61C9202BB7DC0024951C /* AgumentedDemo.app */;
			productType = "com.apple.product-type.application";
		};
/* End PBXNativeTarget section */

/* Begin PBXProject section */
		20CB61C1202BB7DC0024951C /* Project object */ = {
			isa = PBXProject;
			attributes = {
				LastSwiftUpdateCheck = 0920;
				LastUpgradeCheck = 0920;
				ORGANIZATIONNAME = a1Technology;
				TargetAttributes = {
					20CB61C8202BB7DC0024951C = {
						CreatedOnToolsVersion = 9.2;
						ProvisioningStyle = Automatic;
					};
				};
			};
			buildConfigurationList = 20CB61C4202BB7DC0024951C /* Build configuration list for PBXProject "AgumentedDemo" */;
			compatibilityVersion = "Xcode 8.0";
			developmentRegion = en;
			hasScannedForEncodings = 0;
			knownRegions = (
				en,
				Base,
			);
			mainGroup = 20CB61C0202BB7DC0024951C;
			productRefGroup = 20CB61CA202BB7DC0024951C /* Products */;
			projectDirPath = "";
			projectRoot = "";
			targets = (
				20CB61C8202BB7DC0024951C /* AgumentedDemo */,
			);
		};
/* End PBXProject section */

/* Begin PBXResourcesBuildPhase section */
		20CB61C7202BB7DC0024951C /* Resources */ = {
			isa = PBXResourcesBuildPhase;
			buildActionMask = 2147483647;
			files = (
				20CB61CF202BB7DD0024951C /* art.scnassets in Resources */,
				20CB61D9202BB7DD0024951C /* LaunchScreen.storyboard in Resources */,
				20CB61D6202BB7DD0024951C /* Assets.xcassets in Resources */,
				20CB61D4202BB7DD0024951C /* Main.storyboard in Resources */,
			);
			runOnlyForDeploymentPostprocessing = 0;
		};
/* End PBXResourcesBuildPhase section */

/* Begin PBXSourcesBuildPhase section */
		20CB61C5202BB7DC0024951C /* Sources */ = {
			isa = PBXSourcesBuildPhase;
			buildActionMask = 2147483647;
			files = (
				20CB61D1202BB7DD0024951C /* ViewController.swift in Sources */,
				20CB61CD202BB7DC0024951C /* AppDelegate.swift in Sources */,
			);
			runOnlyForDeploymentPostprocessing = 0;
		};
/* End PBXSourcesBuildPhase section */

/* Begin PBXVariantGroup section */
		20CB61D2202BB7DD0024951C /* Main.storyboard */ = {
			isa = PBXVariantGroup;
			children = (
				20CB61D3202BB7DD0024951C /* Base */,
			);
			name = Main.storyboard;
			sourceTree = "<group>";
		};
		20CB61D7202BB7DD0024951C /* LaunchScreen.storyboard */ = {
			isa = PBXVariantGroup;
			children = (
				20CB61D8202BB7DD0024951C /* Base */,
			);
			name = LaunchScreen.storyboard;
			sourceTree = "<group>";
		};
/* End PBXVariantGroup section */

/* Begin XCBuildConfiguration section */
		20CB61DB202BB7DD0024951C /* Debug */ = {
			isa = XCBuildConfiguration;
			buildSettings = {
				ALWAYS_SEARCH_USER_PATHS = NO;
				CLANG_ANALYZER_NONNULL = YES;
				CLANG_ANALYZER_NUMBER_OBJECT_CONVERSION = YES_AGGRESSIVE;
				CLANG_CXX_LANGUAGE_STANDARD = "gnu++14";
				CLANG_CXX_LIBRARY = "libc++";
				CLANG_ENABLE_MODULES = YES;
				CLANG_ENABLE_OBJC_ARC = YES;
				CLANG_WARN_BLOCK_CAPTURE_AUTORELEASING = YES;
				CLANG_WARN_BOOL_CONVERSION = YES;
				CLANG_WARN_COMMA = YES;
				CLANG_WARN_CONSTANT_CONVERSION = YES;
				CLANG_WARN_DIRECT_OBJC_ISA_USAGE = YES_ERROR;
				CLANG_WARN_DOCUMENTATION_COMMENTS = YES;
				CLANG_WARN_EMPTY_BODY = YES;
				CLANG_WARN_ENUM_CONVERSION = YES;
				CLANG_WARN_INFINITE_RECURSION = YES;
				CLANG_WARN_INT_CONVERSION = YES;
				CLANG_WARN_NON_LITERAL_NULL_CONVERSION = YES;
				CLANG_WARN_OBJC_LITERAL_CONVERSION = YES;
				CLANG_WARN_OBJC_ROOT_CLASS = YES_ERROR;
				CLANG_WARN_RANGE_LOOP_ANALYSIS = YES;
				CLANG_WARN_STRICT_PROTOTYPES = YES;
				CLANG_WARN_SUSPICIOUS_MOVE = YES;
				CLANG_WARN_UNGUARDED_AVAILABILITY = YES_AGGRESSIVE;
				CLANG_WARN_UNREACHABLE_CODE = YES;
				CLANG_WARN__DUPLICATE_METHOD_MATCH = YES;
				CODE_SIGN_IDENTITY = "iPhone Developer";
				COPY_PHASE_STRIP = NO;
				DEBUG_INFORMATION_FORMAT = dwarf;
				ENABLE_STRICT_OBJC_MSGSEND = YES;
				ENABLE_TESTABILITY = YES;
				GCC_C_LANGUAGE_STANDARD = gnu11;
				GCC_DYNAMIC_NO_PIC = NO;
				GCC_NO_COMMON_BLOCKS = YES;
				GCC_OPTIMIZATION_LEVEL = 0;
				GCC_PREPROCESSOR_DEFINITIONS = (
					"DEBUG=1",
					"$(inherited)",
				);
				GCC_WARN_64_TO_32_BIT_CONVERSION = YES;
				GCC_WARN_ABOUT_RETURN_TYPE = YES_ERROR;
				GCC_WARN_UNDECLARED_SELECTOR = YES;
				GCC_WARN_UNINITIALIZED_AUTOS = YES_AGGRESSIVE;
				GCC_WARN_UNUSED_FUNCTION = YES;
				GCC_WARN_UNUSED_VARIABLE = YES;
				IPHONEOS_DEPLOYMENT_TARGET = 11.2;
				MTL_ENABLE_DEBUG_INFO = YES;
				ONLY_ACTIVE_ARCH = YES;
				SDKROOT = iphoneos;
				SWIFT_ACTIVE_COMPILATION_CONDITIONS = DEBUG;
				SWIFT_OPTIMIZATION_LEVEL = "-Onone";
			};
			name = Debug;
		};
		20CB61DC202BB7DD0024951C /* Release */ = {
			isa = XCBuildConfiguration;
			buildSettings = {
				ALWAYS_SEARCH_USER_PATHS = NO;
				CLANG_ANALYZER_NONNULL = YES;
				CLANG_ANALYZER_NUMBER_OBJECT_CONVERSION = YES_AGGRESSIVE;
				CLANG_CXX_LANGUAGE_STANDARD = "gnu++14";
				CLANG_CXX_LIBRARY = "libc++";
				CLANG_ENABLE_MODULES = YES;
				CLANG_ENABLE_OBJC_ARC = YES;
				CLANG_WARN_BLOCK_CAPTURE_AUTORELEASING = YES;
				CLANG_WARN_BOOL_CONVERSION = YES;
				CLANG_WARN_COMMA = YES;
				CLANG_WARN_CONSTANT_CONVERSION = YES;
				CLANG_WARN_DIRECT_OBJC_ISA_USAGE = YES_ERROR;
				CLANG_WARN_DOCUMENTATION_COMMENTS = YES;
				CLANG_WARN_EMPTY_BODY = YES;
				CLANG_WARN_ENUM_CONVERSION = YES;
				CLANG_WARN_INFINITE_RECURSION = YES;
				CLANG_WARN_INT_CONVERSION = YES;
				CLANG_WARN_NON_LITERAL_NULL_CONVERSION = YES;
				CLANG_WARN_OBJC_LITERAL_CONVERSION = YES;
				CLANG_WARN_OBJC_ROOT_CLASS = YES_ERROR;
				CLANG_WARN_RANGE_LOOP_ANALYSIS = YES;
				CLANG_WARN_STRICT_PROTOTYPES = YES;
				CLANG_WARN_SUSPICIOUS_MOVE = YES;
				CLANG_WARN_UNGUARDED_AVAILABILITY = YES_AGGRESSIVE;
				CLANG_WARN_UNREACHABLE_CODE = YES;
				CLANG_WARN__DUPLICATE_METHOD_MATCH = YES;
				CODE_SIGN_IDENTITY = "iPhone Developer";
				COPY_PHASE_STRIP = NO;
				DEBUG_INFORMATION_FORMAT = "dwarf-with-dsym";
				ENABLE_NS_ASSERTIONS = NO;
				ENABLE_STRICT_OBJC_MSGSEND = YES;
				GCC_C_LANGUAGE_STANDARD = gnu11;
				GCC_NO_COMMON_BLOCKS = YES;
				GCC_WARN_64_TO_32_BIT_CONVERSION = YES;
				GCC_WARN_ABOUT_RETURN_TYPE = YES_ERROR;
				GCC_WARN_UNDECLARED_SELECTOR = YES;
				GCC_WARN_UNINITIALIZED_AUTOS = YES_AGGRESSIVE;
				GCC_WARN_UNUSED_FUNCTION = YES;
				GCC_WARN_UNUSED_VARIABLE = YES;
				IPHONEOS_DEPLOYMENT_TARGET = 11.2;
				MTL_ENABLE_DEBUG_INFO = NO;
				SDKROOT = iphoneos;
				SWIFT_OPTIMIZATION_LEVEL = "-Owholemodule";
				VALIDATE_PRODUCT = YES;
			};
			name = Release;
		};
		20CB61DE202BB7DD0024951C /* Debug */ = {
			isa = XCBuildConfiguration;
			buildSettings = {
				ASSETCATALOG_COMPILER_APPICON_NAME = AppIcon;
				CODE_SIGN_STYLE = Automatic;
				DEVELOPMENT_TEAM = D9YXU545DR;
				INFOPLIST_FILE = AgumentedDemo/Info.plist;
				LD_RUNPATH_SEARCH_PATHS = "$(inherited) @executable_path/Frameworks";
				PRODUCT_BUNDLE_IDENTIFIER = com.a1distribute.AgumentedDemo;
				PRODUCT_NAME = "$(TARGET_NAME)";
				SWIFT_VERSION = 4.0;
				TARGETED_DEVICE_FAMILY = "1,2";
			};
			name = Debug;
		};
		20CB61DF202BB7DD0024951C /* Release */ = {
			isa = XCBuildConfiguration;
			buildSettings = {
				ASSETCATALOG_COMPILER_APPICON_NAME = AppIcon;
				CODE_SIGN_STYLE = Automatic;
				DEVELOPMENT_TEAM = D9YXU545DR;
				INFOPLIST_FILE = AgumentedDemo/Info.plist;
				LD_RUNPATH_SEARCH_PATHS = "$(inherited) @executable_path/Frameworks";
				PRODUCT_BUNDLE_IDENTIFIER = com.a1distribute.AgumentedDemo;
				PRODUCT_NAME = "$(TARGET_NAME)";
				SWIFT_VERSION = 4.0;
				TARGETED_DEVICE_FAMILY = "1,2";
			};
			name = Release;
		};
/* End XCBuildConfiguration section */

/* Begin XCConfigurationList section */
		20CB61C4202BB7DC0024951C /* Build configuration list for PBXProject "AgumentedDemo" */ = {
			isa = XCConfigurationList;
			buildConfigurations = (
				20CB61DB202BB7DD0024951C /* Debug */,
				20CB61DC202BB7DD0024951C /* Release */,
			);
			defaultConfigurationIsVisible = 0;
			defaultConfigurationName = Release;
		};
		20CB61DD202BB7DD0024951C /* Build configuration list for PBXNativeTarget "AgumentedDemo" */ = {
			isa = XCConfigurationList;
			buildConfigurations = (
				20CB61DE202BB7DD0024951C /* Debug */,
				20CB61DF202BB7DD0024951C /* Release */,
			);
			defaultConfigurationIsVisible = 0;
			defaultConfigurationName = Release;
		};
/* End XCConfigurationList section */
	};
	rootObject = 20CB61C1202BB7DC0024951C /* Project object */;
}
